// !$*UTF8*$!
{
	archiveVersion = 1;
	classes = {
	};
	objectVersion = 77;
	objects = {

/* Begin PBXBuildFile section */
		17DFCCCB2CE54A960075D8A9 /* Podfile in Resources */ = {isa = PBXBuildFile; fileRef = 17DFCCCA2CE54A960075D8A9 /* Podfile */; };
		1A536436E3A944260837EACC /* Pods_BusApp_BusAppUITests.framework in Frameworks */ = {isa = PBXBuildFile; fileRef = FA88A5D2F431F1C4CA579DC6 /* Pods_BusApp_BusAppUITests.framework */; };
		3B379C955511BA4065D13F31 /* Pods_BusApp.framework in Frameworks */ = {isa = PBXBuildFile; fileRef = 8C06F4F75D9CEFFE481DA005 /* Pods_BusApp.framework */; };
		FC8EB948918AA0F53DC2B9E7 /* Pods_BusAppTests.framework in Frameworks */ = {isa = PBXBuildFile; fileRef = FBA3954F79703E379BFC1A3C /* Pods_BusAppTests.framework */; };
/* End PBXBuildFile section */

/* Begin PBXContainerItemProxy section */
		17F90E8D2CE537D900E5B8CB /* PBXContainerItemProxy */ = {
			isa = PBXContainerItemProxy;
			containerPortal = 17F90E6A2CE537D700E5B8CB /* Project object */;
			proxyType = 1;
			remoteGlobalIDString = 17F90E712CE537D700E5B8CB;
			remoteInfo = BusApp;
		};
		17F90E972CE537D900E5B8CB /* PBXContainerItemProxy */ = {
			isa = PBXContainerItemProxy;
			containerPortal = 17F90E6A2CE537D700E5B8CB /* Project object */;
			proxyType = 1;
			remoteGlobalIDString = 17F90E712CE537D700E5B8CB;
			remoteInfo = BusApp;
		};
/* End PBXContainerItemProxy section */

/* Begin PBXFileReference section */
		07ADE61B7E50CC84DB41CCC8 /* Pods-BusApp.debug.xcconfig */ = {isa = PBXFileReference; includeInIndex = 1; lastKnownFileType = text.xcconfig; name = "Pods-BusApp.debug.xcconfig"; path = "Target Support Files/Pods-BusApp/Pods-BusApp.debug.xcconfig"; sourceTree = "<group>"; };
		0B6B8DF00D8F9D2F0471ED43 /* Pods-BusAppTests.debug.xcconfig */ = {isa = PBXFileReference; includeInIndex = 1; lastKnownFileType = text.xcconfig; name = "Pods-BusAppTests.debug.xcconfig"; path = "Target Support Files/Pods-BusAppTests/Pods-BusAppTests.debug.xcconfig"; sourceTree = "<group>"; };
		17DFCCCA2CE54A960075D8A9 /* Podfile */ = {isa = PBXFileReference; lastKnownFileType = text; path = Podfile; sourceTree = "<group>"; xcLanguageSpecificationIdentifier = xcode.lang.ruby; };
		17F90E722CE537D700E5B8CB /* BusApp.app */ = {isa = PBXFileReference; explicitFileType = wrapper.application; includeInIndex = 0; path = BusApp.app; sourceTree = BUILT_PRODUCTS_DIR; };
		17F90E8C2CE537D900E5B8CB /* BusAppTests.xctest */ = {isa = PBXFileReference; explicitFileType = wrapper.cfbundle; includeInIndex = 0; path = BusAppTests.xctest; sourceTree = BUILT_PRODUCTS_DIR; };
		17F90E962CE537D900E5B8CB /* BusAppUITests.xctest */ = {isa = PBXFileReference; explicitFileType = wrapper.cfbundle; includeInIndex = 0; path = BusAppUITests.xctest; sourceTree = BUILT_PRODUCTS_DIR; };
		23879E835D1BD6E171BAD96E /* Pods-BusApp.release.xcconfig */ = {isa = PBXFileReference; includeInIndex = 1; lastKnownFileType = text.xcconfig; name = "Pods-BusApp.release.xcconfig"; path = "Target Support Files/Pods-BusApp/Pods-BusApp.release.xcconfig"; sourceTree = "<group>"; };
		8C06F4F75D9CEFFE481DA005 /* Pods_BusApp.framework */ = {isa = PBXFileReference; explicitFileType = wrapper.framework; includeInIndex = 0; path = Pods_BusApp.framework; sourceTree = BUILT_PRODUCTS_DIR; };
		A5C6413E120483C130F3E2CB /* Pods-BusApp-BusAppUITests.release.xcconfig */ = {isa = PBXFileReference; includeInIndex = 1; lastKnownFileType = text.xcconfig; name = "Pods-BusApp-BusAppUITests.release.xcconfig"; path = "Target Support Files/Pods-BusApp-BusAppUITests/Pods-BusApp-BusAppUITests.release.xcconfig"; sourceTree = "<group>"; };
		A816B0D16E650AD004C399E5 /* Pods-BusAppTests.release.xcconfig */ = {isa = PBXFileReference; includeInIndex = 1; lastKnownFileType = text.xcconfig; name = "Pods-BusAppTests.release.xcconfig"; path = "Target Support Files/Pods-BusAppTests/Pods-BusAppTests.release.xcconfig"; sourceTree = "<group>"; };
		CB189FD83C5CFCB19E603771 /* Pods-BusApp-BusAppUITests.debug.xcconfig */ = {isa = PBXFileReference; includeInIndex = 1; lastKnownFileType = text.xcconfig; name = "Pods-BusApp-BusAppUITests.debug.xcconfig"; path = "Target Support Files/Pods-BusApp-BusAppUITests/Pods-BusApp-BusAppUITests.debug.xcconfig"; sourceTree = "<group>"; };
		FA88A5D2F431F1C4CA579DC6 /* Pods_BusApp_BusAppUITests.framework */ = {isa = PBXFileReference; explicitFileType = wrapper.framework; includeInIndex = 0; path = Pods_BusApp_BusAppUITests.framework; sourceTree = BUILT_PRODUCTS_DIR; };
		FBA3954F79703E379BFC1A3C /* Pods_BusAppTests.framework */ = {isa = PBXFileReference; explicitFileType = wrapper.framework; includeInIndex = 0; path = Pods_BusAppTests.framework; sourceTree = BUILT_PRODUCTS_DIR; };
/* End PBXFileReference section */

/* Begin PBXFileSystemSynchronizedBuildFileExceptionSet section */
		17F90E9E2CE537D900E5B8CB /* Exceptions for "BusApp" folder in "BusApp" target */ = {
			isa = PBXFileSystemSynchronizedBuildFileExceptionSet;
			membershipExceptions = (
				Info.plist,
			);
			target = 17F90E712CE537D700E5B8CB /* BusApp */;
		};
/* End PBXFileSystemSynchronizedBuildFileExceptionSet section */

/* Begin PBXFileSystemSynchronizedRootGroup section */
		17F90E742CE537D700E5B8CB /* BusApp */ = {
			isa = PBXFileSystemSynchronizedRootGroup;
			exceptions = (
				17F90E9E2CE537D900E5B8CB /* Exceptions for "BusApp" folder in "BusApp" target */,
			);
			path = BusApp;
			sourceTree = "<group>";
		};
		17F90E8F2CE537D900E5B8CB /* BusAppTests */ = {
			isa = PBXFileSystemSynchronizedRootGroup;
			path = BusAppTests;
			sourceTree = "<group>";
		};
		17F90E992CE537D900E5B8CB /* BusAppUITests */ = {
			isa = PBXFileSystemSynchronizedRootGroup;
			path = BusAppUITests;
			sourceTree = "<group>";
		};
/* End PBXFileSystemSynchronizedRootGroup section */

/* Begin PBXFrameworksBuildPhase section */
		17F90E6F2CE537D700E5B8CB /* Frameworks */ = {
			isa = PBXFrameworksBuildPhase;
			buildActionMask = 2147483647;
			files = (
				3B379C955511BA4065D13F31 /* Pods_BusApp.framework in Frameworks */,
			);
			runOnlyForDeploymentPostprocessing = 0;
		};
		17F90E892CE537D900E5B8CB /* Frameworks */ = {
			isa = PBXFrameworksBuildPhase;
			buildActionMask = 2147483647;
			files = (
				FC8EB948918AA0F53DC2B9E7 /* Pods_BusAppTests.framework in Frameworks */,
			);
			runOnlyForDeploymentPostprocessing = 0;
		};
		17F90E932CE537D900E5B8CB /* Frameworks */ = {
			isa = PBXFrameworksBuildPhase;
			buildActionMask = 2147483647;
			files = (
				1A536436E3A944260837EACC /* Pods_BusApp_BusAppUITests.framework in Frameworks */,
			);
			runOnlyForDeploymentPostprocessing = 0;
		};
/* End PBXFrameworksBuildPhase section */

/* Begin PBXGroup section */
		17F90E692CE537D700E5B8CB = {
			isa = PBXGroup;
			children = (
				17F90E742CE537D700E5B8CB /* BusApp */,
				17F90E8F2CE537D900E5B8CB /* BusAppTests */,
				17F90E992CE537D900E5B8CB /* BusAppUITests */,
				17F90E732CE537D700E5B8CB /* Products */,
				AB91A20ACE78C1B46DA52D6D /* Pods */,
				17DFCCCA2CE54A960075D8A9 /* Podfile */,
				D6E9C69F9AEEBE96BD77F931 /* Frameworks */,
			);
			sourceTree = "<group>";
		};
		17F90E732CE537D700E5B8CB /* Products */ = {
			isa = PBXGroup;
			children = (
				17F90E722CE537D700E5B8CB /* BusApp.app */,
				17F90E8C2CE537D900E5B8CB /* BusAppTests.xctest */,
				17F90E962CE537D900E5B8CB /* BusAppUITests.xctest */,
			);
			name = Products;
			sourceTree = "<group>";
		};
		AB91A20ACE78C1B46DA52D6D /* Pods */ = {
			isa = PBXGroup;
			children = (
				07ADE61B7E50CC84DB41CCC8 /* Pods-BusApp.debug.xcconfig */,
				23879E835D1BD6E171BAD96E /* Pods-BusApp.release.xcconfig */,
				CB189FD83C5CFCB19E603771 /* Pods-BusApp-BusAppUITests.debug.xcconfig */,
				A5C6413E120483C130F3E2CB /* Pods-BusApp-BusAppUITests.release.xcconfig */,
				0B6B8DF00D8F9D2F0471ED43 /* Pods-BusAppTests.debug.xcconfig */,
				A816B0D16E650AD004C399E5 /* Pods-BusAppTests.release.xcconfig */,
			);
			path = Pods;
			sourceTree = "<group>";
		};
		D6E9C69F9AEEBE96BD77F931 /* Frameworks */ = {
			isa = PBXGroup;
			children = (
				8C06F4F75D9CEFFE481DA005 /* Pods_BusApp.framework */,
				FA88A5D2F431F1C4CA579DC6 /* Pods_BusApp_BusAppUITests.framework */,
				FBA3954F79703E379BFC1A3C /* Pods_BusAppTests.framework */,
			);
			name = Frameworks;
			sourceTree = "<group>";
		};
/* End PBXGroup section */

/* Begin PBXNativeTarget section */
		17F90E712CE537D700E5B8CB /* BusApp */ = {
			isa = PBXNativeTarget;
			buildConfigurationList = 17F90E9F2CE537D900E5B8CB /* Build configuration list for PBXNativeTarget "BusApp" */;
			buildPhases = (
				4626C5950663D23693D76ACD /* [CP] Check Pods Manifest.lock */,
				17F90E6E2CE537D700E5B8CB /* Sources */,
				17F90E6F2CE537D700E5B8CB /* Frameworks */,
				17F90E702CE537D700E5B8CB /* Resources */,
				CD6B3B151AC2D274532B7002 /* [CP] Embed Pods Frameworks */,
			);
			buildRules = (
			);
			dependencies = (
			);
			fileSystemSynchronizedGroups = (
				17F90E742CE537D700E5B8CB /* BusApp */,
			);
			name = BusApp;
			productName = BusApp;
			productReference = 17F90E722CE537D700E5B8CB /* BusApp.app */;
			productType = "com.apple.product-type.application";
		};
		17F90E8B2CE537D900E5B8CB /* BusAppTests */ = {
			isa = PBXNativeTarget;
			buildConfigurationList = 17F90EA42CE537D900E5B8CB /* Build configuration list for PBXNativeTarget "BusAppTests" */;
			buildPhases = (
				92A9A9C462363D1451EA20B5 /* [CP] Check Pods Manifest.lock */,
				17F90E882CE537D900E5B8CB /* Sources */,
				17F90E892CE537D900E5B8CB /* Frameworks */,
				17F90E8A2CE537D900E5B8CB /* Resources */,
				B21D7CD5A63AC123E332827D /* [CP] Embed Pods Frameworks */,
			);
			buildRules = (
			);
			dependencies = (
				17F90E8E2CE537D900E5B8CB /* PBXTargetDependency */,
			);
			fileSystemSynchronizedGroups = (
				17F90E8F2CE537D900E5B8CB /* BusAppTests */,
			);
			name = BusAppTests;
			productName = BusAppTests;
			productReference = 17F90E8C2CE537D900E5B8CB /* BusAppTests.xctest */;
			productType = "com.apple.product-type.bundle.unit-test";
		};
		17F90E952CE537D900E5B8CB /* BusAppUITests */ = {
			isa = PBXNativeTarget;
			buildConfigurationList = 17F90EA72CE537D900E5B8CB /* Build configuration list for PBXNativeTarget "BusAppUITests" */;
			buildPhases = (
				28B8D0BF8ACDAE54BCD960CE /* [CP] Check Pods Manifest.lock */,
				17F90E922CE537D900E5B8CB /* Sources */,
				17F90E932CE537D900E5B8CB /* Frameworks */,
				17F90E942CE537D900E5B8CB /* Resources */,
				B54A4407E39A5EBAC7CD8A58 /* [CP] Embed Pods Frameworks */,
			);
			buildRules = (
			);
			dependencies = (
				17F90E982CE537D900E5B8CB /* PBXTargetDependency */,
			);
			fileSystemSynchronizedGroups = (
				17F90E992CE537D900E5B8CB /* BusAppUITests */,
			);
			name = BusAppUITests;
			productName = BusAppUITests;
			productReference = 17F90E962CE537D900E5B8CB /* BusAppUITests.xctest */;
			productType = "com.apple.product-type.bundle.ui-testing";
		};
/* End PBXNativeTarget section */

/* Begin PBXProject section */
		17F90E6A2CE537D700E5B8CB /* Project object */ = {
			isa = PBXProject;
			attributes = {
				BuildIndependentTargetsInParallel = 1;
				LastSwiftUpdateCheck = 1600;
				LastUpgradeCheck = 1600;
				TargetAttributes = {
					17F90E712CE537D700E5B8CB = {
						CreatedOnToolsVersion = 16.0;
					};
					17F90E8B2CE537D900E5B8CB = {
						CreatedOnToolsVersion = 16.0;
						TestTargetID = 17F90E712CE537D700E5B8CB;
					};
					17F90E952CE537D900E5B8CB = {
						CreatedOnToolsVersion = 16.0;
						TestTargetID = 17F90E712CE537D700E5B8CB;
					};
				};
			};
			buildConfigurationList = 17F90E6D2CE537D700E5B8CB /* Build configuration list for PBXProject "BusApp" */;
			developmentRegion = en;
			hasScannedForEncodings = 0;
			knownRegions = (
				en,
				Base,
			);
			mainGroup = 17F90E692CE537D700E5B8CB;
			minimizedProjectReferenceProxies = 1;
			preferredProjectObjectVersion = 77;
			productRefGroup = 17F90E732CE537D700E5B8CB /* Products */;
			projectDirPath = "";
			projectRoot = "";
			targets = (
				17F90E712CE537D700E5B8CB /* BusApp */,
				17F90E8B2CE537D900E5B8CB /* BusAppTests */,
				17F90E952CE537D900E5B8CB /* BusAppUITests */,
			);
		};
/* End PBXProject section */

/* Begin PBXResourcesBuildPhase section */
		17F90E702CE537D700E5B8CB /* Resources */ = {
			isa = PBXResourcesBuildPhase;
			buildActionMask = 2147483647;
			files = (
				17DFCCCB2CE54A960075D8A9 /* Podfile in Resources */,
			);
			runOnlyForDeploymentPostprocessing = 0;
		};
		17F90E8A2CE537D900E5B8CB /* Resources */ = {
			isa = PBXResourcesBuildPhase;
			buildActionMask = 2147483647;
			files = (
			);
			runOnlyForDeploymentPostprocessing = 0;
		};
		17F90E942CE537D900E5B8CB /* Resources */ = {
			isa = PBXResourcesBuildPhase;
			buildActionMask = 2147483647;
			files = (
			);
			runOnlyForDeploymentPostprocessing = 0;
		};
/* End PBXResourcesBuildPhase section */

/* Begin PBXShellScriptBuildPhase section */
		28B8D0BF8ACDAE54BCD960CE /* [CP] Check Pods Manifest.lock */ = {
			isa = PBXShellScriptBuildPhase;
			buildActionMask = 2147483647;
			files = (
			);
			inputFileListPaths = (
			);
			inputPaths = (
				"${PODS_PODFILE_DIR_PATH}/Podfile.lock",
				"${PODS_ROOT}/Manifest.lock",
			);
			name = "[CP] Check Pods Manifest.lock";
			outputFileListPaths = (
			);
			outputPaths = (
				"$(DERIVED_FILE_DIR)/Pods-BusApp-BusAppUITests-checkManifestLockResult.txt",
			);
			runOnlyForDeploymentPostprocessing = 0;
			shellPath = /bin/sh;
			shellScript = "diff \"${PODS_PODFILE_DIR_PATH}/Podfile.lock\" \"${PODS_ROOT}/Manifest.lock\" > /dev/null\nif [ $? != 0 ] ; then\n    # print error to STDERR\n    echo \"error: The sandbox is not in sync with the Podfile.lock. Run 'pod install' or update your CocoaPods installation.\" >&2\n    exit 1\nfi\n# This output is used by Xcode 'outputs' to avoid re-running this script phase.\necho \"SUCCESS\" > \"${SCRIPT_OUTPUT_FILE_0}\"\n";
			showEnvVarsInLog = 0;
		};
		4626C5950663D23693D76ACD /* [CP] Check Pods Manifest.lock */ = {
			isa = PBXShellScriptBuildPhase;
			buildActionMask = 2147483647;
			files = (
			);
			inputFileListPaths = (
			);
			inputPaths = (
				"${PODS_PODFILE_DIR_PATH}/Podfile.lock",
				"${PODS_ROOT}/Manifest.lock",
			);
			name = "[CP] Check Pods Manifest.lock";
			outputFileListPaths = (
			);
			outputPaths = (
				"$(DERIVED_FILE_DIR)/Pods-BusApp-checkManifestLockResult.txt",
			);
			runOnlyForDeploymentPostprocessing = 0;
			shellPath = /bin/sh;
			shellScript = "diff \"${PODS_PODFILE_DIR_PATH}/Podfile.lock\" \"${PODS_ROOT}/Manifest.lock\" > /dev/null\nif [ $? != 0 ] ; then\n    # print error to STDERR\n    echo \"error: The sandbox is not in sync with the Podfile.lock. Run 'pod install' or update your CocoaPods installation.\" >&2\n    exit 1\nfi\n# This output is used by Xcode 'outputs' to avoid re-running this script phase.\necho \"SUCCESS\" > \"${SCRIPT_OUTPUT_FILE_0}\"\n";
			showEnvVarsInLog = 0;
		};
		92A9A9C462363D1451EA20B5 /* [CP] Check Pods Manifest.lock */ = {
			isa = PBXShellScriptBuildPhase;
			buildActionMask = 2147483647;
			files = (
			);
			inputFileListPaths = (
			);
			inputPaths = (
				"${PODS_PODFILE_DIR_PATH}/Podfile.lock",
				"${PODS_ROOT}/Manifest.lock",
			);
			name = "[CP] Check Pods Manifest.lock";
			outputFileListPaths = (
			);
			outputPaths = (
				"$(DERIVED_FILE_DIR)/Pods-BusAppTests-checkManifestLockResult.txt",
			);
			runOnlyForDeploymentPostprocessing = 0;
			shellPath = /bin/sh;
			shellScript = "diff \"${PODS_PODFILE_DIR_PATH}/Podfile.lock\" \"${PODS_ROOT}/Manifest.lock\" > /dev/null\nif [ $? != 0 ] ; then\n    # print error to STDERR\n    echo \"error: The sandbox is not in sync with the Podfile.lock. Run 'pod install' or update your CocoaPods installation.\" >&2\n    exit 1\nfi\n# This output is used by Xcode 'outputs' to avoid re-running this script phase.\necho \"SUCCESS\" > \"${SCRIPT_OUTPUT_FILE_0}\"\n";
			showEnvVarsInLog = 0;
		};
		B21D7CD5A63AC123E332827D /* [CP] Embed Pods Frameworks */ = {
			isa = PBXShellScriptBuildPhase;
			buildActionMask = 2147483647;
			files = (
			);
			inputFileListPaths = (
				"${PODS_ROOT}/Target Support Files/Pods-BusAppTests/Pods-BusAppTests-frameworks-${CONFIGURATION}-input-files.xcfilelist",
			);
			name = "[CP] Embed Pods Frameworks";
			outputFileListPaths = (
				"${PODS_ROOT}/Target Support Files/Pods-BusAppTests/Pods-BusAppTests-frameworks-${CONFIGURATION}-output-files.xcfilelist",
			);
			runOnlyForDeploymentPostprocessing = 0;
			shellPath = /bin/sh;
			shellScript = "\"${PODS_ROOT}/Target Support Files/Pods-BusAppTests/Pods-BusAppTests-frameworks.sh\"\n";
			showEnvVarsInLog = 0;
		};
		B54A4407E39A5EBAC7CD8A58 /* [CP] Embed Pods Frameworks */ = {
			isa = PBXShellScriptBuildPhase;
			buildActionMask = 2147483647;
			files = (
			);
			inputFileListPaths = (
				"${PODS_ROOT}/Target Support Files/Pods-BusApp-BusAppUITests/Pods-BusApp-BusAppUITests-frameworks-${CONFIGURATION}-input-files.xcfilelist",
			);
			name = "[CP] Embed Pods Frameworks";
			outputFileListPaths = (
				"${PODS_ROOT}/Target Support Files/Pods-BusApp-BusAppUITests/Pods-BusApp-BusAppUITests-frameworks-${CONFIGURATION}-output-files.xcfilelist",
			);
			runOnlyForDeploymentPostprocessing = 0;
			shellPath = /bin/sh;
			shellScript = "\"${PODS_ROOT}/Target Support Files/Pods-BusApp-BusAppUITests/Pods-BusApp-BusAppUITests-frameworks.sh\"\n";
			showEnvVarsInLog = 0;
		};
		CD6B3B151AC2D274532B7002 /* [CP] Embed Pods Frameworks */ = {
			isa = PBXShellScriptBuildPhase;
			buildActionMask = 2147483647;
			files = (
			);
			inputFileListPaths = (
				"${PODS_ROOT}/Target Support Files/Pods-BusApp/Pods-BusApp-frameworks-${CONFIGURATION}-input-files.xcfilelist",
			);
			name = "[CP] Embed Pods Frameworks";
			outputFileListPaths = (
				"${PODS_ROOT}/Target Support Files/Pods-BusApp/Pods-BusApp-frameworks-${CONFIGURATION}-output-files.xcfilelist",
			);
			runOnlyForDeploymentPostprocessing = 0;
			shellPath = /bin/sh;
			shellScript = "\"${PODS_ROOT}/Target Support Files/Pods-BusApp/Pods-BusApp-frameworks.sh\"\n";
			showEnvVarsInLog = 0;
		};
/* End PBXShellScriptBuildPhase section */

/* Begin PBXSourcesBuildPhase section */
		17F90E6E2CE537D700E5B8CB /* Sources */ = {
			isa = PBXSourcesBuildPhase;
			buildActionMask = 2147483647;
			files = (
			);
			runOnlyForDeploymentPostprocessing = 0;
		};
		17F90E882CE537D900E5B8CB /* Sources */ = {
			isa = PBXSourcesBuildPhase;
			buildActionMask = 2147483647;
			files = (
			);
			runOnlyForDeploymentPostprocessing = 0;
		};
		17F90E922CE537D900E5B8CB /* Sources */ = {
			isa = PBXSourcesBuildPhase;
			buildActionMask = 2147483647;
			files = (
			);
			runOnlyForDeploymentPostprocessing = 0;
		};
/* End PBXSourcesBuildPhase section */

/* Begin PBXTargetDependency section */
		17F90E8E2CE537D900E5B8CB /* PBXTargetDependency */ = {
			isa = PBXTargetDependency;
			target = 17F90E712CE537D700E5B8CB /* BusApp */;
			targetProxy = 17F90E8D2CE537D900E5B8CB /* PBXContainerItemProxy */;
		};
		17F90E982CE537D900E5B8CB /* PBXTargetDependency */ = {
			isa = PBXTargetDependency;
			target = 17F90E712CE537D700E5B8CB /* BusApp */;
			targetProxy = 17F90E972CE537D900E5B8CB /* PBXContainerItemProxy */;
		};
/* End PBXTargetDependency section */

/* Begin XCBuildConfiguration section */
		17F90EA02CE537D900E5B8CB /* Debug */ = {
			isa = XCBuildConfiguration;
			baseConfigurationReference = 07ADE61B7E50CC84DB41CCC8 /* Pods-BusApp.debug.xcconfig */;
			buildSettings = {
				ASSETCATALOG_COMPILER_APPICON_NAME = AppIcon;
				ASSETCATALOG_COMPILER_GLOBAL_ACCENT_COLOR_NAME = AccentColor;
				CODE_SIGN_ENTITLEMENTS = BusApp/BusApp.entitlements;
				CODE_SIGN_IDENTITY = "Apple Development";
				CODE_SIGN_STYLE = Automatic;
				CURRENT_PROJECT_VERSION = 1;
				DEVELOPMENT_TEAM = PQNHNX3F64;
				ENABLE_USER_SCRIPT_SANDBOXING = NO;
				GENERATE_INFOPLIST_FILE = YES;
				INFOPLIST_FILE = BusApp/Info.plist;
				INFOPLIST_KEY_CFBundleDisplayName = BusApp;
				INFOPLIST_KEY_LSApplicationCategoryType = "public.app-category.healthcare-fitness";
				INFOPLIST_KEY_UIApplicationSupportsIndirectInputEvents = YES;
				INFOPLIST_KEY_UILaunchStoryboardName = LaunchScreen;
				INFOPLIST_KEY_UIRequiresFullScreen = YES;
				INFOPLIST_KEY_UIStatusBarStyle = UIStatusBarStyleDarkContent;
				INFOPLIST_KEY_UISupportedInterfaceOrientations_iPad = "UIInterfaceOrientationPortrait UIInterfaceOrientationPortraitUpsideDown UIInterfaceOrientationLandscapeLeft UIInterfaceOrientationLandscapeRight";
				INFOPLIST_KEY_UISupportedInterfaceOrientations_iPhone = "UIInterfaceOrientationPortrait UIInterfaceOrientationLandscapeLeft UIInterfaceOrientationLandscapeRight";
				IPHONEOS_DEPLOYMENT_TARGET = 15.6;
				LD_RUNPATH_SEARCH_PATHS = (
					"$(inherited)",
					"@executable_path/Frameworks",
				);
				MARKETING_VERSION = 1.0;
				PRODUCT_BUNDLE_IDENTIFIER = Involve.BusApp;
				PRODUCT_NAME = "$(TARGET_NAME)";
				PROVISIONING_PROFILE_SPECIFIER = "";
				SWIFT_EMIT_LOC_STRINGS = YES;
				SWIFT_VERSION = 5.0;
				TARGETED_DEVICE_FAMILY = "1,2";
			};
			name = Debug;
		};
		17F90EA12CE537D900E5B8CB /* Release */ = {
			isa = XCBuildConfiguration;
			baseConfigurationReference = 23879E835D1BD6E171BAD96E /* Pods-BusApp.release.xcconfig */;
			buildSettings = {
				ASSETCATALOG_COMPILER_APPICON_NAME = AppIcon;
				ASSETCATALOG_COMPILER_GLOBAL_ACCENT_COLOR_NAME = AccentColor;
				CODE_SIGN_ENTITLEMENTS = BusApp/BusApp.entitlements;
				CODE_SIGN_IDENTITY = "Apple Development";
				CODE_SIGN_STYLE = Automatic;
				CURRENT_PROJECT_VERSION = 1;
				DEVELOPMENT_TEAM = PQNHNX3F64;
				ENABLE_USER_SCRIPT_SANDBOXING = NO;
				GENERATE_INFOPLIST_FILE = YES;
				INFOPLIST_FILE = BusApp/Info.plist;
				INFOPLIST_KEY_CFBundleDisplayName = BusApp;
				INFOPLIST_KEY_LSApplicationCategoryType = "public.app-category.healthcare-fitness";
				INFOPLIST_KEY_UIApplicationSupportsIndirectInputEvents = YES;
				INFOPLIST_KEY_UILaunchStoryboardName = LaunchScreen;
				INFOPLIST_KEY_UIRequiresFullScreen = YES;
				INFOPLIST_KEY_UIStatusBarStyle = UIStatusBarStyleDarkContent;
				INFOPLIST_KEY_UISupportedInterfaceOrientations_iPad = "UIInterfaceOrientationPortrait UIInterfaceOrientationPortraitUpsideDown UIInterfaceOrientationLandscapeLeft UIInterfaceOrientationLandscapeRight";
				INFOPLIST_KEY_UISupportedInterfaceOrientations_iPhone = "UIInterfaceOrientationPortrait UIInterfaceOrientationLandscapeLeft UIInterfaceOrientationLandscapeRight";
				IPHONEOS_DEPLOYMENT_TARGET = 15.6;
				LD_RUNPATH_SEARCH_PATHS = (
					"$(inherited)",
					"@executable_path/Frameworks",
				);
				MARKETING_VERSION = 1.0;
				PRODUCT_BUNDLE_IDENTIFIER = Involve.BusApp;
				PRODUCT_NAME = "$(TARGET_NAME)";
				PROVISIONING_PROFILE_SPECIFIER = "";
				SWIFT_EMIT_LOC_STRINGS = YES;
				SWIFT_VERSION = 5.0;
				TARGETED_DEVICE_FAMILY = "1,2";
			};
			name = Release;
		};
		17F90EA22CE537D900E5B8CB /* Debug */ = {
			isa = XCBuildConfiguration;
			buildSettings = {
				ALWAYS_SEARCH_USER_PATHS = NO;
				ASSETCATALOG_COMPILER_GENERATE_SWIFT_ASSET_SYMBOL_EXTENSIONS = YES;
				CLANG_ANALYZER_NONNULL = YES;
				CLANG_ANALYZER_NUMBER_OBJECT_CONVERSION = YES_AGGRESSIVE;
				CLANG_CXX_LANGUAGE_STANDARD = "gnu++20";
				CLANG_ENABLE_MODULES = YES;
				CLANG_ENABLE_OBJC_ARC = YES;
				CLANG_ENABLE_OBJC_WEAK = YES;
				CLANG_WARN_BLOCK_CAPTURE_AUTORELEASING = YES;
				CLANG_WARN_BOOL_CONVERSION = YES;
				CLANG_WARN_COMMA = YES;
				CLANG_WARN_CONSTANT_CONVERSION = YES;
				CLANG_WARN_DEPRECATED_OBJC_IMPLEMENTATIONS = YES;
				CLANG_WARN_DIRECT_OBJC_ISA_USAGE = YES_ERROR;
				CLANG_WARN_DOCUMENTATION_COMMENTS = YES;
				CLANG_WARN_EMPTY_BODY = YES;
				CLANG_WARN_ENUM_CONVERSION = YES;
				CLANG_WARN_INFINITE_RECURSION = YES;
				CLANG_WARN_INT_CONVERSION = YES;
				CLANG_WARN_NON_LITERAL_NULL_CONVERSION = YES;
				CLANG_WARN_OBJC_IMPLICIT_RETAIN_SELF = YES;
				CLANG_WARN_OBJC_LITERAL_CONVERSION = YES;
				CLANG_WARN_OBJC_ROOT_CLASS = YES_ERROR;
				CLANG_WARN_QUOTED_INCLUDE_IN_FRAMEWORK_HEADER = YES;
				CLANG_WARN_RANGE_LOOP_ANALYSIS = YES;
				CLANG_WARN_STRICT_PROTOTYPES = YES;
				CLANG_WARN_SUSPICIOUS_MOVE = YES;
				CLANG_WARN_UNGUARDED_AVAILABILITY = YES_AGGRESSIVE;
				CLANG_WARN_UNREACHABLE_CODE = YES;
				CLANG_WARN__DUPLICATE_METHOD_MATCH = YES;
				COPY_PHASE_STRIP = NO;
				DEBUG_INFORMATION_FORMAT = dwarf;
				ENABLE_STRICT_OBJC_MSGSEND = YES;
				ENABLE_TESTABILITY = YES;
				ENABLE_USER_SCRIPT_SANDBOXING = YES;
				GCC_C_LANGUAGE_STANDARD = gnu17;
				GCC_DYNAMIC_NO_PIC = NO;
				GCC_NO_COMMON_BLOCKS = YES;
				GCC_OPTIMIZATION_LEVEL = 0;
				GCC_PREPROCESSOR_DEFINITIONS = (
					"DEBUG=1",
					"$(inherited)",
				);
				GCC_WARN_64_TO_32_BIT_CONVERSION = YES;
				GCC_WARN_ABOUT_RETURN_TYPE = YES_ERROR;
				GCC_WARN_UNDECLARED_SELECTOR = YES;
				GCC_WARN_UNINITIALIZED_AUTOS = YES_AGGRESSIVE;
				GCC_WARN_UNUSED_FUNCTION = YES;
				GCC_WARN_UNUSED_VARIABLE = YES;
				IPHONEOS_DEPLOYMENT_TARGET = 18.0;
				LOCALIZATION_PREFERS_STRING_CATALOGS = YES;
				MTL_ENABLE_DEBUG_INFO = INCLUDE_SOURCE;
				MTL_FAST_MATH = YES;
				ONLY_ACTIVE_ARCH = YES;
				SDKROOT = iphoneos;
				SWIFT_ACTIVE_COMPILATION_CONDITIONS = "DEBUG $(inherited)";
				SWIFT_OPTIMIZATION_LEVEL = "-Onone";
			};
			name = Debug;
		};
		17F90EA32CE537D900E5B8CB /* Release */ = {
			isa = XCBuildConfiguration;
			buildSettings = {
				ALWAYS_SEARCH_USER_PATHS = NO;
				ASSETCATALOG_COMPILER_GENERATE_SWIFT_ASSET_SYMBOL_EXTENSIONS = YES;
				CLANG_ANALYZER_NONNULL = YES;
				CLANG_ANALYZER_NUMBER_OBJECT_CONVERSION = YES_AGGRESSIVE;
				CLANG_CXX_LANGUAGE_STANDARD = "gnu++20";
				CLANG_ENABLE_MODULES = YES;
				CLANG_ENABLE_OBJC_ARC = YES;
				CLANG_ENABLE_OBJC_WEAK = YES;
				CLANG_WARN_BLOCK_CAPTURE_AUTORELEASING = YES;
				CLANG_WARN_BOOL_CONVERSION = YES;
				CLANG_WARN_COMMA = YES;
				CLANG_WARN_CONSTANT_CONVERSION = YES;
				CLANG_WARN_DEPRECATED_OBJC_IMPLEMENTATIONS = YES;
				CLANG_WARN_DIRECT_OBJC_ISA_USAGE = YES_ERROR;
				CLANG_WARN_DOCUMENTATION_COMMENTS = YES;
				CLANG_WARN_EMPTY_BODY = YES;
				CLANG_WARN_ENUM_CONVERSION = YES;
				CLANG_WARN_INFINITE_RECURSION = YES;
				CLANG_WARN_INT_CONVERSION = YES;
				CLANG_WARN_NON_LITERAL_NULL_CONVERSION = YES;
				CLANG_WARN_OBJC_IMPLICIT_RETAIN_SELF = YES;
				CLANG_WARN_OBJC_LITERAL_CONVERSION = YES;
				CLANG_WARN_OBJC_ROOT_CLASS = YES_ERROR;
				CLANG_WARN_QUOTED_INCLUDE_IN_FRAMEWORK_HEADER = YES;
				CLANG_WARN_RANGE_LOOP_ANALYSIS = YES;
				CLANG_WARN_STRICT_PROTOTYPES = YES;
				CLANG_WARN_SUSPICIOUS_MOVE = YES;
				CLANG_WARN_UNGUARDED_AVAILABILITY = YES_AGGRESSIVE;
				CLANG_WARN_UNREACHABLE_CODE = YES;
				CLANG_WARN__DUPLICATE_METHOD_MATCH = YES;
				COPY_PHASE_STRIP = NO;
				DEBUG_INFORMATION_FORMAT = "dwarf-with-dsym";
				ENABLE_NS_ASSERTIONS = NO;
				ENABLE_STRICT_OBJC_MSGSEND = YES;
				ENABLE_USER_SCRIPT_SANDBOXING = YES;
				GCC_C_LANGUAGE_STANDARD = gnu17;
				GCC_NO_COMMON_BLOCKS = YES;
				GCC_WARN_64_TO_32_BIT_CONVERSION = YES;
				GCC_WARN_ABOUT_RETURN_TYPE = YES_ERROR;
				GCC_WARN_UNDECLARED_SELECTOR = YES;
				GCC_WARN_UNINITIALIZED_AUTOS = YES_AGGRESSIVE;
				GCC_WARN_UNUSED_FUNCTION = YES;
				GCC_WARN_UNUSED_VARIABLE = YES;
				IPHONEOS_DEPLOYMENT_TARGET = 18.0;
				LOCALIZATION_PREFERS_STRING_CATALOGS = YES;
				MTL_ENABLE_DEBUG_INFO = NO;
				MTL_FAST_MATH = YES;
				SDKROOT = iphoneos;
				SWIFT_COMPILATION_MODE = wholemodule;
				VALIDATE_PRODUCT = YES;
			};
			name = Release;
		};
		17F90EA52CE537D900E5B8CB /* Debug */ = {
			isa = XCBuildConfiguration;
			baseConfigurationReference = 0B6B8DF00D8F9D2F0471ED43 /* Pods-BusAppTests.debug.xcconfig */;
			buildSettings = {
				BUNDLE_LOADER = "$(TEST_HOST)";
				CODE_SIGN_STYLE = Automatic;
				CURRENT_PROJECT_VERSION = 1;
				DEVELOPMENT_TEAM = PQNHNX3F64;
				GENERATE_INFOPLIST_FILE = YES;
				IPHONEOS_DEPLOYMENT_TARGET = 18.0;
				MARKETING_VERSION = 1.0;
				PRODUCT_BUNDLE_IDENTIFIER = Involve.BusAppTests;
				PRODUCT_NAME = "$(TARGET_NAME)";
				SWIFT_EMIT_LOC_STRINGS = NO;
				SWIFT_VERSION = 5.0;
				TARGETED_DEVICE_FAMILY = "1,2";
				TEST_HOST = "$(BUILT_PRODUCTS_DIR)/BusApp.app/$(BUNDLE_EXECUTABLE_FOLDER_PATH)/BusApp";
			};
			name = Debug;
		};
		17F90EA62CE537D900E5B8CB /* Release */ = {
			isa = XCBuildConfiguration;
			baseConfigurationReference = A816B0D16E650AD004C399E5 /* Pods-BusAppTests.release.xcconfig */;
			buildSettings = {
				BUNDLE_LOADER = "$(TEST_HOST)";
				CODE_SIGN_STYLE = Automatic;
				CURRENT_PROJECT_VERSION = 1;
				DEVELOPMENT_TEAM = PQNHNX3F64;
				GENERATE_INFOPLIST_FILE = YES;
				IPHONEOS_DEPLOYMENT_TARGET = 18.0;
				MARKETING_VERSION = 1.0;
				PRODUCT_BUNDLE_IDENTIFIER = Involve.BusAppTests;
				PRODUCT_NAME = "$(TARGET_NAME)";
				SWIFT_EMIT_LOC_STRINGS = NO;
				SWIFT_VERSION = 5.0;
				TARGETED_DEVICE_FAMILY = "1,2";
				TEST_HOST = "$(BUILT_PRODUCTS_DIR)/BusApp.app/$(BUNDLE_EXECUTABLE_FOLDER_PATH)/BusApp";
			};
			name = Release;
		};
		17F90EA82CE537D900E5B8CB /* Debug */ = {
			isa = XCBuildConfiguration;
			baseConfigurationReference = CB189FD83C5CFCB19E603771 /* Pods-BusApp-BusAppUITests.debug.xcconfig */;
			buildSettings = {
				CODE_SIGN_STYLE = Automatic;
				CURRENT_PROJECT_VERSION = 1;
				DEVELOPMENT_TEAM = PQNHNX3F64;
				GENERATE_INFOPLIST_FILE = YES;
				MARKETING_VERSION = 1.0;
				PRODUCT_BUNDLE_IDENTIFIER = Involve.BusAppUITests;
				PRODUCT_NAME = "$(TARGET_NAME)";
				SWIFT_EMIT_LOC_STRINGS = NO;
				SWIFT_VERSION = 5.0;
				TARGETED_DEVICE_FAMILY = "1,2";
				TEST_TARGET_NAME = BusApp;
			};
			name = Debug;
		};
		17F90EA92CE537D900E5B8CB /* Release */ = {
			isa = XCBuildConfiguration;
			baseConfigurationReference = A5C6413E120483C130F3E2CB /* Pods-BusApp-BusAppUITests.release.xcconfig */;
			buildSettings = {
				CODE_SIGN_STYLE = Automatic;
				CURRENT_PROJECT_VERSION = 1;
				DEVELOPMENT_TEAM = PQNHNX3F64;
				GENERATE_INFOPLIST_FILE = YES;
				MARKETING_VERSION = 1.0;
				PRODUCT_BUNDLE_IDENTIFIER = Involve.BusAppUITests;
				PRODUCT_NAME = "$(TARGET_NAME)";
				SWIFT_EMIT_LOC_STRINGS = NO;
				SWIFT_VERSION = 5.0;
				TARGETED_DEVICE_FAMILY = "1,2";
				TEST_TARGET_NAME = BusApp;
			};
			name = Release;
		};
/* End XCBuildConfiguration section */

/* Begin XCConfigurationList section */
		17F90E6D2CE537D700E5B8CB /* Build configuration list for PBXProject "BusApp" */ = {
			isa = XCConfigurationList;
			buildConfigurations = (
				17F90EA22CE537D900E5B8CB /* Debug */,
				17F90EA32CE537D900E5B8CB /* Release */,
			);
			defaultConfigurationIsVisible = 0;
			defaultConfigurationName = Release;
		};
		17F90E9F2CE537D900E5B8CB /* Build configuration list for PBXNativeTarget "BusApp" */ = {
			isa = XCConfigurationList;
			buildConfigurations = (
				17F90EA02CE537D900E5B8CB /* Debug */,
				17F90EA12CE537D900E5B8CB /* Release */,
			);
			defaultConfigurationIsVisible = 0;
			defaultConfigurationName = Release;
		};
		17F90EA42CE537D900E5B8CB /* Build configuration list for PBXNativeTarget "BusAppTests" */ = {
			isa = XCConfigurationList;
			buildConfigurations = (
				17F90EA52CE537D900E5B8CB /* Debug */,
				17F90EA62CE537D900E5B8CB /* Release */,
			);
			defaultConfigurationIsVisible = 0;
			defaultConfigurationName = Release;
		};
		17F90EA72CE537D900E5B8CB /* Build configuration list for PBXNativeTarget "BusAppUITests" */ = {
			isa = XCConfigurationList;
			buildConfigurations = (
				17F90EA82CE537D900E5B8CB /* Debug */,
				17F90EA92CE537D900E5B8CB /* Release */,
			);
			defaultConfigurationIsVisible = 0;
			defaultConfigurationName = Release;
		};
/* End XCConfigurationList section */
	};
	rootObject = 17F90E6A2CE537D700E5B8CB /* Project object */;
}
